
Microsoft Visual Studio Solution File, Format Version 12.00
# Visual Studio Version 17
VisualStudioVersion = 17.8.34408.163
MinimumVisualStudioVersion = 10.0.40219.1
Project("{FAE04EC0-301F-11D3-BF4B-00C04F79EFBC}") = "Mission08_Team0115", "Mission08_Team0115\Mission08_Team0115.csproj", "{C3270D8B-00CF-4CA7-B752-7C8FF98E5FC6}"
EndProject
Global
	GlobalSection(SolutionConfigurationPlatforms) = preSolution
		Debug|Any CPU = Debug|Any CPU
		Release|Any CPU = Release|Any CPU
	EndGlobalSection
	GlobalSection(ProjectConfigurationPlatforms) = postSolution
		{C3270D8B-00CF-4CA7-B752-7C8FF98E5FC6}.Debug|Any CPU.ActiveCfg = Debug|Any CPU
		{C3270D8B-00CF-4CA7-B752-7C8FF98E5FC6}.Debug|Any CPU.Build.0 = Debug|Any CPU
		{C3270D8B-00CF-4CA7-B752-7C8FF98E5FC6}.Release|Any CPU.ActiveCfg = Release|Any CPU
		{C3270D8B-00CF-4CA7-B752-7C8FF98E5FC6}.Release|Any CPU.Build.0 = Release|Any CPU
	EndGlobalSection
	GlobalSection(SolutionProperties) = preSolution
		HideSolutionNode = FALSE
	EndGlobalSection
	GlobalSection(ExtensibilityGlobals) = postSolution
		SolutionGuid = {BF5E135C-7B50-400E-8BF6-6390C3D82B61}
	EndGlobalSection
EndGlobal
